
Microsoft Visual Studio Solution File, Format Version 12.00
# Visual Studio Version 17
VisualStudioVersion = 17.1.32210.238
MinimumVisualStudioVersion = 10.0.40219.1
Project("{FAE04EC0-301F-11D3-BF4B-00C04F79EFBC}") = "survey", "survey\survey.csproj", "{DEC003E0-3289-46E8-B3AA-6BC1FAEB85E4}"
EndProject
Global
	GlobalSection(SolutionConfigurationPlatforms) = preSolution
		Debug|Any CPU = Debug|Any CPU
		Release|Any CPU = Release|Any CPU
	EndGlobalSection
	GlobalSection(ProjectConfigurationPlatforms) = postSolution
		{DEC003E0-3289-46E8-B3AA-6BC1FAEB85E4}.Debug|Any CPU.ActiveCfg = Debug|Any CPU
		{DEC003E0-3289-46E8-B3AA-6BC1FAEB85E4}.Debug|Any CPU.Build.0 = Debug|Any CPU
		{DEC003E0-3289-46E8-B3AA-6BC1FAEB85E4}.Release|Any CPU.ActiveCfg = Release|Any CPU
		{DEC003E0-3289-46E8-B3AA-6BC1FAEB85E4}.Release|Any CPU.Build.0 = Release|Any CPU
	EndGlobalSection
	GlobalSection(SolutionProperties) = preSolution
		HideSolutionNode = FALSE
	EndGlobalSection
	GlobalSection(ExtensibilityGlobals) = postSolution
		SolutionGuid = {CCC605E1-4E62-4496-A9F3-B01CA23D1342}
	EndGlobalSection
EndGlobal
